
Microsoft Visual Studio Solution File, Format Version 12.00
# Visual Studio 2013
VisualStudioVersion = 12.0.40629.0
MinimumVisualStudioVersion = 10.0.40219.1
Project("{FAE04EC0-301F-11D3-BF4B-00C04F79EFBC}") = "OfficeApp1", "OfficeApp1\OfficeApp1.csproj", "{DFC73223-3B49-4C6E-B21C-4FB79D7A62BE}"
EndProject
Project("{FAE04EC0-301F-11D3-BF4B-00C04F79EFBC}") = "OfficeApp1Web", "OfficeApp1Web\OfficeApp1Web.csproj", "{C517C47C-3517-4A57-AAD4-1EDD42B11D0A}"
EndProject
Global
	GlobalSection(SolutionConfigurationPlatforms) = preSolution
		Debug|Any CPU = Debug|Any CPU
		Release|Any CPU = Release|Any CPU
	EndGlobalSection
	GlobalSection(ProjectConfigurationPlatforms) = postSolution
		{DFC73223-3B49-4C6E-B21C-4FB79D7A62BE}.Debug|Any CPU.ActiveCfg = Debug|Any CPU
		{DFC73223-3B49-4C6E-B21C-4FB79D7A62BE}.Debug|Any CPU.Build.0 = Debug|Any CPU
		{DFC73223-3B49-4C6E-B21C-4FB79D7A62BE}.Debug|Any CPU.Deploy.0 = Debug|Any CPU
		{DFC73223-3B49-4C6E-B21C-4FB79D7A62BE}.Release|Any CPU.ActiveCfg = Release|Any CPU
		{DFC73223-3B49-4C6E-B21C-4FB79D7A62BE}.Release|Any CPU.Build.0 = Release|Any CPU
		{DFC73223-3B49-4C6E-B21C-4FB79D7A62BE}.Release|Any CPU.Deploy.0 = Release|Any CPU
		{C517C47C-3517-4A57-AAD4-1EDD42B11D0A}.Debug|Any CPU.ActiveCfg = Debug|Any CPU
		{C517C47C-3517-4A57-AAD4-1EDD42B11D0A}.Debug|Any CPU.Build.0 = Debug|Any CPU
		{C517C47C-3517-4A57-AAD4-1EDD42B11D0A}.Release|Any CPU.ActiveCfg = Release|Any CPU
		{C517C47C-3517-4A57-AAD4-1EDD42B11D0A}.Release|Any CPU.Build.0 = Release|Any CPU
	EndGlobalSection
	GlobalSection(SolutionProperties) = preSolution
		HideSolutionNode = FALSE
	EndGlobalSection
EndGlobal
